// !$*UTF8*$!
{
	archiveVersion = 1;
	classes = {
	};
	objectVersion = 56;
	objects = {

/* Begin PBXBuildFile section */
		1EADCC272B31225600D7D1EB /* LogInView.swift in Sources */ = {isa = PBXBuildFile; fileRef = 1EADCC262B31225600D7D1EB /* LogInView.swift */; };
		1EADCC2B2B3123A100D7D1EB /* Subtitle.swift in Sources */ = {isa = PBXBuildFile; fileRef = 1EADCC2A2B3123A100D7D1EB /* Subtitle.swift */; };
		1EADCC2D2B3171C300D7D1EB /* WelcomeView.swift in Sources */ = {isa = PBXBuildFile; fileRef = 1EADCC2C2B3171C300D7D1EB /* WelcomeView.swift */; };
		1EADCC2F2B32104000D7D1EB /* CustomLabel.swift in Sources */ = {isa = PBXBuildFile; fileRef = 1EADCC2E2B32104000D7D1EB /* CustomLabel.swift */; };
		1EADCC342B322AD800D7D1EB /* CustomTint.swift in Sources */ = {isa = PBXBuildFile; fileRef = 1EADCC332B322AD800D7D1EB /* CustomTint.swift */; };
		1EADCC362B324A3400D7D1EB /* SignUpView.swift in Sources */ = {isa = PBXBuildFile; fileRef = 1EADCC352B324A3400D7D1EB /* SignUpView.swift */; };
		1EADCC382B32689700D7D1EB /* EmailTextField.swift in Sources */ = {isa = PBXBuildFile; fileRef = 1EADCC372B32689700D7D1EB /* EmailTextField.swift */; };
		1EADCC3C2B32AFEF00D7D1EB /* GenrePickerView.swift in Sources */ = {isa = PBXBuildFile; fileRef = 1EADCC3B2B32AFEF00D7D1EB /* GenrePickerView.swift */; };
		1ED4BBA52B30FF33009CD2C0 /* ReelTalk_ChallengeApp.swift in Sources */ = {isa = PBXBuildFile; fileRef = 1ED4BBA42B30FF33009CD2C0 /* ReelTalk_ChallengeApp.swift */; };
		1ED4BBA72B30FF33009CD2C0 /* SplashScreenView.swift in Sources */ = {isa = PBXBuildFile; fileRef = 1ED4BBA62B30FF33009CD2C0 /* SplashScreenView.swift */; };
		1ED4BBA92B30FF36009CD2C0 /* Assets.xcassets in Resources */ = {isa = PBXBuildFile; fileRef = 1ED4BBA82B30FF36009CD2C0 /* Assets.xcassets */; };
		1ED4BBAC2B30FF36009CD2C0 /* Preview Assets.xcassets in Resources */ = {isa = PBXBuildFile; fileRef = 1ED4BBAB2B30FF36009CD2C0 /* Preview Assets.xcassets */; };
		1ED4BBB32B3109D4009CD2C0 /* WelcomeScreen.swift in Sources */ = {isa = PBXBuildFile; fileRef = 1ED4BBB22B3109D4009CD2C0 /* WelcomeScreen.swift */; };
/* End PBXBuildFile section */

/* Begin PBXFileReference section */
		1EADCC262B31225600D7D1EB /* LogInView.swift */ = {isa = PBXFileReference; lastKnownFileType = sourcecode.swift; path = LogInView.swift; sourceTree = "<group>"; };
		1EADCC2A2B3123A100D7D1EB /* Subtitle.swift */ = {isa = PBXFileReference; lastKnownFileType = sourcecode.swift; path = Subtitle.swift; sourceTree = "<group>"; };
		1EADCC2C2B3171C300D7D1EB /* WelcomeView.swift */ = {isa = PBXFileReference; lastKnownFileType = sourcecode.swift; path = WelcomeView.swift; sourceTree = "<group>"; };
		1EADCC2E2B32104000D7D1EB /* CustomLabel.swift */ = {isa = PBXFileReference; lastKnownFileType = sourcecode.swift; path = CustomLabel.swift; sourceTree = "<group>"; };
		1EADCC332B322AD800D7D1EB /* CustomTint.swift */ = {isa = PBXFileReference; lastKnownFileType = sourcecode.swift; path = CustomTint.swift; sourceTree = "<group>"; };
		1EADCC352B324A3400D7D1EB /* SignUpView.swift */ = {isa = PBXFileReference; lastKnownFileType = sourcecode.swift; path = SignUpView.swift; sourceTree = "<group>"; };
		1EADCC372B32689700D7D1EB /* EmailTextField.swift */ = {isa = PBXFileReference; lastKnownFileType = sourcecode.swift; path = EmailTextField.swift; sourceTree = "<group>"; };
		1EADCC3B2B32AFEF00D7D1EB /* GenrePickerView.swift */ = {isa = PBXFileReference; lastKnownFileType = sourcecode.swift; path = GenrePickerView.swift; sourceTree = "<group>"; };
		1ED4BBA12B30FF33009CD2C0 /* ReelTalk Challenge.app */ = {isa = PBXFileReference; explicitFileType = wrapper.application; includeInIndex = 0; path = "ReelTalk Challenge.app"; sourceTree = BUILT_PRODUCTS_DIR; };
		1ED4BBA42B30FF33009CD2C0 /* ReelTalk_ChallengeApp.swift */ = {isa = PBXFileReference; lastKnownFileType = sourcecode.swift; path = ReelTalk_ChallengeApp.swift; sourceTree = "<group>"; };
		1ED4BBA62B30FF33009CD2C0 /* SplashScreenView.swift */ = {isa = PBXFileReference; lastKnownFileType = sourcecode.swift; path = SplashScreenView.swift; sourceTree = "<group>"; };
		1ED4BBA82B30FF36009CD2C0 /* Assets.xcassets */ = {isa = PBXFileReference; lastKnownFileType = folder.assetcatalog; path = Assets.xcassets; sourceTree = "<group>"; };
		1ED4BBAB2B30FF36009CD2C0 /* Preview Assets.xcassets */ = {isa = PBXFileReference; lastKnownFileType = folder.assetcatalog; path = "Preview Assets.xcassets"; sourceTree = "<group>"; };
		1ED4BBB22B3109D4009CD2C0 /* WelcomeScreen.swift */ = {isa = PBXFileReference; lastKnownFileType = sourcecode.swift; path = WelcomeScreen.swift; sourceTree = "<group>"; };
/* End PBXFileReference section */

/* Begin PBXFrameworksBuildPhase section */
		1ED4BB9E2B30FF33009CD2C0 /* Frameworks */ = {
			isa = PBXFrameworksBuildPhase;
			buildActionMask = 2147483647;
			files = (
			);
			runOnlyForDeploymentPostprocessing = 0;
		};
/* End PBXFrameworksBuildPhase section */

/* Begin PBXGroup section */
		1EADCC282B31235A00D7D1EB /* Main Views */ = {
			isa = PBXGroup;
			children = (
				1EADCC3A2B326E4900D7D1EB /* Log In Views */,
				1EADCC392B326E1B00D7D1EB /* Welcome Views */,
				1EADCC292B31236A00D7D1EB /* Custom Components */,
				1ED4BBA42B30FF33009CD2C0 /* ReelTalk_ChallengeApp.swift */,
				1EADCC352B324A3400D7D1EB /* SignUpView.swift */,
			);
			path = "Main Views";
			sourceTree = "<group>";
		};
		1EADCC292B31236A00D7D1EB /* Custom Components */ = {
			isa = PBXGroup;
			children = (
				1EADCC372B32689700D7D1EB /* EmailTextField.swift */,
				1EADCC2A2B3123A100D7D1EB /* Subtitle.swift */,
				1EADCC2E2B32104000D7D1EB /* CustomLabel.swift */,
			);
			path = "Custom Components";
			sourceTree = "<group>";
		};
		1EADCC322B322AC700D7D1EB /* Extensions */ = {
			isa = PBXGroup;
			children = (
				1EADCC332B322AD800D7D1EB /* CustomTint.swift */,
			);
			path = Extensions;
			sourceTree = "<group>";
		};
		1EADCC392B326E1B00D7D1EB /* Welcome Views */ = {
			isa = PBXGroup;
			children = (
				1ED4BBA62B30FF33009CD2C0 /* SplashScreenView.swift */,
				1ED4BBB22B3109D4009CD2C0 /* WelcomeScreen.swift */,
				1EADCC2C2B3171C300D7D1EB /* WelcomeView.swift */,
				1EADCC3B2B32AFEF00D7D1EB /* GenrePickerView.swift */,
			);
			path = "Welcome Views";
			sourceTree = "<group>";
		};
		1EADCC3A2B326E4900D7D1EB /* Log In Views */ = {
			isa = PBXGroup;
			children = (
				1EADCC262B31225600D7D1EB /* LogInView.swift */,
			);
			path = "Log In Views";
			sourceTree = "<group>";
		};
		1ED4BB982B30FF33009CD2C0 = {
			isa = PBXGroup;
			children = (
				1ED4BBA32B30FF33009CD2C0 /* ReelTalk Challenge */,
				1ED4BBA22B30FF33009CD2C0 /* Products */,
			);
			sourceTree = "<group>";
		};
		1ED4BBA22B30FF33009CD2C0 /* Products */ = {
			isa = PBXGroup;
			children = (
				1ED4BBA12B30FF33009CD2C0 /* ReelTalk Challenge.app */,
			);
			name = Products;
			sourceTree = "<group>";
		};
		1ED4BBA32B30FF33009CD2C0 /* ReelTalk Challenge */ = {
			isa = PBXGroup;
			children = (
				1EADCC322B322AC700D7D1EB /* Extensions */,
				1EADCC282B31235A00D7D1EB /* Main Views */,
				1ED4BBA82B30FF36009CD2C0 /* Assets.xcassets */,
				1ED4BBAA2B30FF36009CD2C0 /* Preview Content */,
			);
			path = "ReelTalk Challenge";
			sourceTree = "<group>";
		};
		1ED4BBAA2B30FF36009CD2C0 /* Preview Content */ = {
			isa = PBXGroup;
			children = (
				1ED4BBAB2B30FF36009CD2C0 /* Preview Assets.xcassets */,
			);
			path = "Preview Content";
			sourceTree = "<group>";
		};
/* End PBXGroup section */

/* Begin PBXNativeTarget section */
		1ED4BBA02B30FF33009CD2C0 /* ReelTalk Challenge */ = {
			isa = PBXNativeTarget;
			buildConfigurationList = 1ED4BBAF2B30FF36009CD2C0 /* Build configuration list for PBXNativeTarget "ReelTalk Challenge" */;
			buildPhases = (
				1ED4BB9D2B30FF33009CD2C0 /* Sources */,
				1ED4BB9E2B30FF33009CD2C0 /* Frameworks */,
				1ED4BB9F2B30FF33009CD2C0 /* Resources */,
			);
			buildRules = (
			);
			dependencies = (
			);
			name = "ReelTalk Challenge";
			productName = "ReelTalk Challenge";
			productReference = 1ED4BBA12B30FF33009CD2C0 /* ReelTalk Challenge.app */;
			productType = "com.apple.product-type.application";
		};
/* End PBXNativeTarget section */

/* Begin PBXProject section */
		1ED4BB992B30FF33009CD2C0 /* Project object */ = {
			isa = PBXProject;
			attributes = {
				BuildIndependentTargetsInParallel = 1;
				LastSwiftUpdateCheck = 1510;
				LastUpgradeCheck = 1510;
				TargetAttributes = {
					1ED4BBA02B30FF33009CD2C0 = {
						CreatedOnToolsVersion = 15.1;
					};
				};
			};
			buildConfigurationList = 1ED4BB9C2B30FF33009CD2C0 /* Build configuration list for PBXProject "ReelTalk Challenge" */;
			compatibilityVersion = "Xcode 14.0";
			developmentRegion = en;
			hasScannedForEncodings = 0;
			knownRegions = (
				en,
				Base,
			);
			mainGroup = 1ED4BB982B30FF33009CD2C0;
			productRefGroup = 1ED4BBA22B30FF33009CD2C0 /* Products */;
			projectDirPath = "";
			projectRoot = "";
			targets = (
				1ED4BBA02B30FF33009CD2C0 /* ReelTalk Challenge */,
			);
		};
/* End PBXProject section */

/* Begin PBXResourcesBuildPhase section */
		1ED4BB9F2B30FF33009CD2C0 /* Resources */ = {
			isa = PBXResourcesBuildPhase;
			buildActionMask = 2147483647;
			files = (
				1ED4BBAC2B30FF36009CD2C0 /* Preview Assets.xcassets in Resources */,
				1ED4BBA92B30FF36009CD2C0 /* Assets.xcassets in Resources */,
			);
			runOnlyForDeploymentPostprocessing = 0;
		};
/* End PBXResourcesBuildPhase section */

/* Begin PBXSourcesBuildPhase section */
		1ED4BB9D2B30FF33009CD2C0 /* Sources */ = {
			isa = PBXSourcesBuildPhase;
			buildActionMask = 2147483647;
			files = (
				1EADCC3C2B32AFEF00D7D1EB /* GenrePickerView.swift in Sources */,
				1EADCC2B2B3123A100D7D1EB /* Subtitle.swift in Sources */,
				1EADCC2F2B32104000D7D1EB /* CustomLabel.swift in Sources */,
				1EADCC2D2B3171C300D7D1EB /* WelcomeView.swift in Sources */,
				1ED4BBA72B30FF33009CD2C0 /* SplashScreenView.swift in Sources */,
				1ED4BBB32B3109D4009CD2C0 /* WelcomeScreen.swift in Sources */,
				1EADCC382B32689700D7D1EB /* EmailTextField.swift in Sources */,
				1EADCC272B31225600D7D1EB /* LogInView.swift in Sources */,
				1EADCC342B322AD800D7D1EB /* CustomTint.swift in Sources */,
				1EADCC362B324A3400D7D1EB /* SignUpView.swift in Sources */,
				1ED4BBA52B30FF33009CD2C0 /* ReelTalk_ChallengeApp.swift in Sources */,
			);
			runOnlyForDeploymentPostprocessing = 0;
		};
/* End PBXSourcesBuildPhase section */

/* Begin XCBuildConfiguration section */
		1ED4BBAD2B30FF36009CD2C0 /* Debug */ = {
			isa = XCBuildConfiguration;
			buildSettings = {
				ALWAYS_SEARCH_USER_PATHS = NO;
				ASSETCATALOG_COMPILER_GENERATE_SWIFT_ASSET_SYMBOL_EXTENSIONS = YES;
				CLANG_ANALYZER_NONNULL = YES;
				CLANG_ANALYZER_NUMBER_OBJECT_CONVERSION = YES_AGGRESSIVE;
				CLANG_CXX_LANGUAGE_STANDARD = "gnu++20";
				CLANG_ENABLE_MODULES = YES;
				CLANG_ENABLE_OBJC_ARC = YES;
				CLANG_ENABLE_OBJC_WEAK = YES;
				CLANG_WARN_BLOCK_CAPTURE_AUTORELEASING = YES;
				CLANG_WARN_BOOL_CONVERSION = YES;
				CLANG_WARN_COMMA = YES;
				CLANG_WARN_CONSTANT_CONVERSION = YES;
				CLANG_WARN_DEPRECATED_OBJC_IMPLEMENTATIONS = YES;
				CLANG_WARN_DIRECT_OBJC_ISA_USAGE = YES_ERROR;
				CLANG_WARN_DOCUMENTATION_COMMENTS = YES;
				CLANG_WARN_EMPTY_BODY = YES;
				CLANG_WARN_ENUM_CONVERSION = YES;
				CLANG_WARN_INFINITE_RECURSION = YES;
				CLANG_WARN_INT_CONVERSION = YES;
				CLANG_WARN_NON_LITERAL_NULL_CONVERSION = YES;
				CLANG_WARN_OBJC_IMPLICIT_RETAIN_SELF = YES;
				CLANG_WARN_OBJC_LITERAL_CONVERSION = YES;
				CLANG_WARN_OBJC_ROOT_CLASS = YES_ERROR;
				CLANG_WARN_QUOTED_INCLUDE_IN_FRAMEWORK_HEADER = YES;
				CLANG_WARN_RANGE_LOOP_ANALYSIS = YES;
				CLANG_WARN_STRICT_PROTOTYPES = YES;
				CLANG_WARN_SUSPICIOUS_MOVE = YES;
				CLANG_WARN_UNGUARDED_AVAILABILITY = YES_AGGRESSIVE;
				CLANG_WARN_UNREACHABLE_CODE = YES;
				CLANG_WARN__DUPLICATE_METHOD_MATCH = YES;
				COPY_PHASE_STRIP = NO;
				DEBUG_INFORMATION_FORMAT = dwarf;
				ENABLE_STRICT_OBJC_MSGSEND = YES;
				ENABLE_TESTABILITY = YES;
				ENABLE_USER_SCRIPT_SANDBOXING = YES;
				GCC_C_LANGUAGE_STANDARD = gnu17;
				GCC_DYNAMIC_NO_PIC = NO;
				GCC_NO_COMMON_BLOCKS = YES;
				GCC_OPTIMIZATION_LEVEL = 0;
				GCC_PREPROCESSOR_DEFINITIONS = (
					"DEBUG=1",
					"$(inherited)",
				);
				GCC_WARN_64_TO_32_BIT_CONVERSION = YES;
				GCC_WARN_ABOUT_RETURN_TYPE = YES_ERROR;
				GCC_WARN_UNDECLARED_SELECTOR = YES;
				GCC_WARN_UNINITIALIZED_AUTOS = YES_AGGRESSIVE;
				GCC_WARN_UNUSED_FUNCTION = YES;
				GCC_WARN_UNUSED_VARIABLE = YES;
				IPHONEOS_DEPLOYMENT_TARGET = 17.2;
				LOCALIZATION_PREFERS_STRING_CATALOGS = YES;
				MTL_ENABLE_DEBUG_INFO = INCLUDE_SOURCE;
				MTL_FAST_MATH = YES;
				ONLY_ACTIVE_ARCH = YES;
				SDKROOT = iphoneos;
				SWIFT_ACTIVE_COMPILATION_CONDITIONS = "DEBUG $(inherited)";
				SWIFT_OPTIMIZATION_LEVEL = "-Onone";
			};
			name = Debug;
		};
		1ED4BBAE2B30FF36009CD2C0 /* Release */ = {
			isa = XCBuildConfiguration;
			buildSettings = {
				ALWAYS_SEARCH_USER_PATHS = NO;
				ASSETCATALOG_COMPILER_GENERATE_SWIFT_ASSET_SYMBOL_EXTENSIONS = YES;
				CLANG_ANALYZER_NONNULL = YES;
				CLANG_ANALYZER_NUMBER_OBJECT_CONVERSION = YES_AGGRESSIVE;
				CLANG_CXX_LANGUAGE_STANDARD = "gnu++20";
				CLANG_ENABLE_MODULES = YES;
				CLANG_ENABLE_OBJC_ARC = YES;
				CLANG_ENABLE_OBJC_WEAK = YES;
				CLANG_WARN_BLOCK_CAPTURE_AUTORELEASING = YES;
				CLANG_WARN_BOOL_CONVERSION = YES;
				CLANG_WARN_COMMA = YES;
				CLANG_WARN_CONSTANT_CONVERSION = YES;
				CLANG_WARN_DEPRECATED_OBJC_IMPLEMENTATIONS = YES;
				CLANG_WARN_DIRECT_OBJC_ISA_USAGE = YES_ERROR;
				CLANG_WARN_DOCUMENTATION_COMMENTS = YES;
				CLANG_WARN_EMPTY_BODY = YES;
				CLANG_WARN_ENUM_CONVERSION = YES;
				CLANG_WARN_INFINITE_RECURSION = YES;
				CLANG_WARN_INT_CONVERSION = YES;
				CLANG_WARN_NON_LITERAL_NULL_CONVERSION = YES;
				CLANG_WARN_OBJC_IMPLICIT_RETAIN_SELF = YES;
				CLANG_WARN_OBJC_LITERAL_CONVERSION = YES;
				CLANG_WARN_OBJC_ROOT_CLASS = YES_ERROR;
				CLANG_WARN_QUOTED_INCLUDE_IN_FRAMEWORK_HEADER = YES;
				CLANG_WARN_RANGE_LOOP_ANALYSIS = YES;
				CLANG_WARN_STRICT_PROTOTYPES = YES;
				CLANG_WARN_SUSPICIOUS_MOVE = YES;
				CLANG_WARN_UNGUARDED_AVAILABILITY = YES_AGGRESSIVE;
				CLANG_WARN_UNREACHABLE_CODE = YES;
				CLANG_WARN__DUPLICATE_METHOD_MATCH = YES;
				COPY_PHASE_STRIP = NO;
				DEBUG_INFORMATION_FORMAT = "dwarf-with-dsym";
				ENABLE_NS_ASSERTIONS = NO;
				ENABLE_STRICT_OBJC_MSGSEND = YES;
				ENABLE_USER_SCRIPT_SANDBOXING = YES;
				GCC_C_LANGUAGE_STANDARD = gnu17;
				GCC_NO_COMMON_BLOCKS = YES;
				GCC_WARN_64_TO_32_BIT_CONVERSION = YES;
				GCC_WARN_ABOUT_RETURN_TYPE = YES_ERROR;
				GCC_WARN_UNDECLARED_SELECTOR = YES;
				GCC_WARN_UNINITIALIZED_AUTOS = YES_AGGRESSIVE;
				GCC_WARN_UNUSED_FUNCTION = YES;
				GCC_WARN_UNUSED_VARIABLE = YES;
				IPHONEOS_DEPLOYMENT_TARGET = 17.2;
				LOCALIZATION_PREFERS_STRING_CATALOGS = YES;
				MTL_ENABLE_DEBUG_INFO = NO;
				MTL_FAST_MATH = YES;
				SDKROOT = iphoneos;
				SWIFT_COMPILATION_MODE = wholemodule;
				VALIDATE_PRODUCT = YES;
			};
			name = Release;
		};
		1ED4BBB02B30FF36009CD2C0 /* Debug */ = {
			isa = XCBuildConfiguration;
			buildSettings = {
				ASSETCATALOG_COMPILER_APPICON_NAME = AppIcon;
				ASSETCATALOG_COMPILER_GLOBAL_ACCENT_COLOR_NAME = AccentColor;
				CODE_SIGN_STYLE = Automatic;
				CURRENT_PROJECT_VERSION = 1;
				DEVELOPMENT_ASSET_PATHS = "\"ReelTalk Challenge/Preview Content\"";
				DEVELOPMENT_TEAM = W5PJYKV9WJ;
				ENABLE_PREVIEWS = YES;
				GENERATE_INFOPLIST_FILE = YES;
				INFOPLIST_KEY_UIApplicationSceneManifest_Generation = YES;
				INFOPLIST_KEY_UIApplicationSupportsIndirectInputEvents = YES;
				INFOPLIST_KEY_UILaunchScreen_Generation = YES;
				INFOPLIST_KEY_UISupportedInterfaceOrientations_iPad = "UIInterfaceOrientationPortrait UIInterfaceOrientationPortraitUpsideDown UIInterfaceOrientationLandscapeLeft UIInterfaceOrientationLandscapeRight";
				INFOPLIST_KEY_UISupportedInterfaceOrientations_iPhone = "UIInterfaceOrientationPortrait UIInterfaceOrientationLandscapeLeft UIInterfaceOrientationLandscapeRight";
				LD_RUNPATH_SEARCH_PATHS = (
					"$(inherited)",
					"@executable_path/Frameworks",
				);
				MARKETING_VERSION = 1.0;
				PRODUCT_BUNDLE_IDENTIFIER = "com.example.ReelTalk-Challenge";
				PRODUCT_NAME = "$(TARGET_NAME)";
				SWIFT_EMIT_LOC_STRINGS = YES;
				SWIFT_VERSION = 5.0;
				TARGETED_DEVICE_FAMILY = "1,2";
			};
			name = Debug;
		};
		1ED4BBB12B30FF36009CD2C0 /* Release */ = {
			isa = XCBuildConfiguration;
			buildSettings = {
				ASSETCATALOG_COMPILER_APPICON_NAME = AppIcon;
				ASSETCATALOG_COMPILER_GLOBAL_ACCENT_COLOR_NAME = AccentColor;
				CODE_SIGN_STYLE = Automatic;
				CURRENT_PROJECT_VERSION = 1;
				DEVELOPMENT_ASSET_PATHS = "\"ReelTalk Challenge/Preview Content\"";
				DEVELOPMENT_TEAM = W5PJYKV9WJ;
				ENABLE_PREVIEWS = YES;
				GENERATE_INFOPLIST_FILE = YES;
				INFOPLIST_KEY_UIApplicationSceneManifest_Generation = YES;
				INFOPLIST_KEY_UIApplicationSupportsIndirectInputEvents = YES;
				INFOPLIST_KEY_UILaunchScreen_Generation = YES;
				INFOPLIST_KEY_UISupportedInterfaceOrientations_iPad = "UIInterfaceOrientationPortrait UIInterfaceOrientationPortraitUpsideDown UIInterfaceOrientationLandscapeLeft UIInterfaceOrientationLandscapeRight";
				INFOPLIST_KEY_UISupportedInterfaceOrientations_iPhone = "UIInterfaceOrientationPortrait UIInterfaceOrientationLandscapeLeft UIInterfaceOrientationLandscapeRight";
				LD_RUNPATH_SEARCH_PATHS = (
					"$(inherited)",
					"@executable_path/Frameworks",
				);
				MARKETING_VERSION = 1.0;
				PRODUCT_BUNDLE_IDENTIFIER = "com.example.ReelTalk-Challenge";
				PRODUCT_NAME = "$(TARGET_NAME)";
				SWIFT_EMIT_LOC_STRINGS = YES;
				SWIFT_VERSION = 5.0;
				TARGETED_DEVICE_FAMILY = "1,2";
			};
			name = Release;
		};
/* End XCBuildConfiguration section */

/* Begin XCConfigurationList section */
		1ED4BB9C2B30FF33009CD2C0 /* Build configuration list for PBXProject "ReelTalk Challenge" */ = {
			isa = XCConfigurationList;
			buildConfigurations = (
				1ED4BBAD2B30FF36009CD2C0 /* Debug */,
				1ED4BBAE2B30FF36009CD2C0 /* Release */,
			);
			defaultConfigurationIsVisible = 0;
			defaultConfigurationName = Release;
		};
		1ED4BBAF2B30FF36009CD2C0 /* Build configuration list for PBXNativeTarget "ReelTalk Challenge" */ = {
			isa = XCConfigurationList;
			buildConfigurations = (
				1ED4BBB02B30FF36009CD2C0 /* Debug */,
				1ED4BBB12B30FF36009CD2C0 /* Release */,
			);
			defaultConfigurationIsVisible = 0;
			defaultConfigurationName = Release;
		};
/* End XCConfigurationList section */
	};
	rootObject = 1ED4BB992B30FF33009CD2C0 /* Project object */;
}
